// !$*UTF8*$!
{
	archiveVersion = 1;
	classes = {
	};
	objectVersion = 46;
	objects = {

/* Begin PBXBuildFile section */
		D4F36E741BC66F29006DCF94 /* AppDelegate.swift in Sources */ = {isa = PBXBuildFile; fileRef = D4F36E731BC66F29006DCF94 /* AppDelegate.swift */; };
		D4F36E761BC66F29006DCF94 /* ViewController.swift in Sources */ = {isa = PBXBuildFile; fileRef = D4F36E751BC66F29006DCF94 /* ViewController.swift */; };
		D4F36E7B1BC66F29006DCF94 /* Assets.xcassets in Resources */ = {isa = PBXBuildFile; fileRef = D4F36E7A1BC66F29006DCF94 /* Assets.xcassets */; };
		D4F36E7E1BC66F29006DCF94 /* LaunchScreen.storyboard in Resources */ = {isa = PBXBuildFile; fileRef = D4F36E7C1BC66F29006DCF94 /* LaunchScreen.storyboard */; };
		D4F36E8C1BC66F8D006DCF94 /* 3.png in Resources */ = {isa = PBXBuildFile; fileRef = D4F36E851BC66F8D006DCF94 /* 3.png */; settings = {ASSET_TAGS = (); }; };
		D4F36E8D1BC66F8D006DCF94 /* 4.png in Resources */ = {isa = PBXBuildFile; fileRef = D4F36E861BC66F8D006DCF94 /* 4.png */; settings = {ASSET_TAGS = (); }; };
		D4F36E8F1BC66F8D006DCF94 /* MQPictureBrowserCell.swift in Sources */ = {isa = PBXBuildFile; fileRef = D4F36E891BC66F8D006DCF94 /* MQPictureBrowserCell.swift */; settings = {ASSET_TAGS = (); }; };
		D4F36E901BC66F8D006DCF94 /* MQPictureBrowserController.swift in Sources */ = {isa = PBXBuildFile; fileRef = D4F36E8A1BC66F8D006DCF94 /* MQPictureBrowserController.swift */; settings = {ASSET_TAGS = (); }; };
		D4F36E941BC6703C006DCF94 /* Main.storyboard in Resources */ = {isa = PBXBuildFile; fileRef = D4F36E921BC6703C006DCF94 /* Main.storyboard */; settings = {ASSET_TAGS = (); }; };
/* End PBXBuildFile section */

/* Begin PBXFileReference section */
		D4F36E701BC66F29006DCF94 /* MQPictureBrowserDemo.app */ = {isa = PBXFileReference; explicitFileType = wrapper.application; includeInIndex = 0; path = MQPictureBrowserDemo.app; sourceTree = BUILT_PRODUCTS_DIR; };
		D4F36E731BC66F29006DCF94 /* AppDelegate.swift */ = {isa = PBXFileReference; lastKnownFileType = sourcecode.swift; path = AppDelegate.swift; sourceTree = "<group>"; };
		D4F36E751BC66F29006DCF94 /* ViewController.swift */ = {isa = PBXFileReference; lastKnownFileType = sourcecode.swift; path = ViewController.swift; sourceTree = "<group>"; };
		D4F36E7A1BC66F29006DCF94 /* Assets.xcassets */ = {isa = PBXFileReference; lastKnownFileType = folder.assetcatalog; path = Assets.xcassets; sourceTree = "<group>"; };
		D4F36E7D1BC66F29006DCF94 /* Base */ = {isa = PBXFileReference; lastKnownFileType = file.storyboard; name = Base; path = Base.lproj/LaunchScreen.storyboard; sourceTree = "<group>"; };
		D4F36E7F1BC66F29006DCF94 /* Info.plist */ = {isa = PBXFileReference; lastKnownFileType = text.plist.xml; path = Info.plist; sourceTree = "<group>"; };
		D4F36E851BC66F8D006DCF94 /* 3.png */ = {isa = PBXFileReference; lastKnownFileType = image.png; path = 3.png; sourceTree = "<group>"; };
		D4F36E861BC66F8D006DCF94 /* 4.png */ = {isa = PBXFileReference; lastKnownFileType = image.png; path = 4.png; sourceTree = "<group>"; };
		D4F36E891BC66F8D006DCF94 /* MQPictureBrowserCell.swift */ = {isa = PBXFileReference; fileEncoding = 4; lastKnownFileType = sourcecode.swift; path = MQPictureBrowserCell.swift; sourceTree = "<group>"; };
		D4F36E8A1BC66F8D006DCF94 /* MQPictureBrowserController.swift */ = {isa = PBXFileReference; fileEncoding = 4; lastKnownFileType = sourcecode.swift; path = MQPictureBrowserController.swift; sourceTree = "<group>"; };
		D4F36E931BC6703C006DCF94 /* Base */ = {isa = PBXFileReference; lastKnownFileType = file.storyboard; name = Base; path = Base.lproj/Main.storyboard; sourceTree = "<group>"; };
/* End PBXFileReference section */

/* Begin PBXFrameworksBuildPhase section */
		D4F36E6D1BC66F29006DCF94 /* Frameworks */ = {
			isa = PBXFrameworksBuildPhase;
			buildActionMask = 2147483647;
			files = (
			);
			runOnlyForDeploymentPostprocessing = 0;
		};
/* End PBXFrameworksBuildPhase section */

/* Begin PBXGroup section */
		D4F36E671BC66F29006DCF94 = {
			isa = PBXGroup;
			children = (
				D4F36E721BC66F29006DCF94 /* MQPictureBrowserDemo */,
				D4F36E711BC66F29006DCF94 /* Products */,
			);
			sourceTree = "<group>";
		};
		D4F36E711BC66F29006DCF94 /* Products */ = {
			isa = PBXGroup;
			children = (
				D4F36E701BC66F29006DCF94 /* MQPictureBrowserDemo.app */,
			);
			name = Products;
			sourceTree = "<group>";
		};
		D4F36E721BC66F29006DCF94 /* MQPictureBrowserDemo */ = {
			isa = PBXGroup;
			children = (
				D4F36E881BC66F8D006DCF94 /* MQPictureBrowser */,
				D4F36E851BC66F8D006DCF94 /* 3.png */,
				D4F36E861BC66F8D006DCF94 /* 4.png */,
				D4F36E731BC66F29006DCF94 /* AppDelegate.swift */,
				D4F36E751BC66F29006DCF94 /* ViewController.swift */,
				D4F36E921BC6703C006DCF94 /* Main.storyboard */,
				D4F36E7A1BC66F29006DCF94 /* Assets.xcassets */,
				D4F36E7C1BC66F29006DCF94 /* LaunchScreen.storyboard */,
				D4F36E7F1BC66F29006DCF94 /* Info.plist */,
			);
			path = MQPictureBrowserDemo;
			sourceTree = "<group>";
		};
		D4F36E881BC66F8D006DCF94 /* MQPictureBrowser */ = {
			isa = PBXGroup;
			children = (
				D4F36E891BC66F8D006DCF94 /* MQPictureBrowserCell.swift */,
				D4F36E8A1BC66F8D006DCF94 /* MQPictureBrowserController.swift */,
			);
			path = MQPictureBrowser;
			sourceTree = "<group>";
		};
/* End PBXGroup section */

/* Begin PBXNativeTarget section */
		D4F36E6F1BC66F29006DCF94 /* MQPictureBrowserDemo */ = {
			isa = PBXNativeTarget;
			buildConfigurationList = D4F36E821BC66F29006DCF94 /* Build configuration list for PBXNativeTarget "MQPictureBrowserDemo" */;
			buildPhases = (
				D4F36E6C1BC66F29006DCF94 /* Sources */,
				D4F36E6D1BC66F29006DCF94 /* Frameworks */,
				D4F36E6E1BC66F29006DCF94 /* Resources */,
			);
			buildRules = (
			);
			dependencies = (
			);
			name = MQPictureBrowserDemo;
			productName = MQPictureBrowserDemo;
			productReference = D4F36E701BC66F29006DCF94 /* MQPictureBrowserDemo.app */;
			productType = "com.apple.product-type.application";
		};
/* End PBXNativeTarget section */

/* Begin PBXProject section */
		D4F36E681BC66F29006DCF94 /* Project object */ = {
			isa = PBXProject;
			attributes = {
				LastUpgradeCheck = 0700;
				ORGANIZATIONNAME = "马权";
				TargetAttributes = {
					D4F36E6F1BC66F29006DCF94 = {
						CreatedOnToolsVersion = 7.0;
						DevelopmentTeam = 47A7JUUJ9E;
					};
				};
			};
			buildConfigurationList = D4F36E6B1BC66F29006DCF94 /* Build configuration list for PBXProject "MQPictureBrowserDemo" */;
			compatibilityVersion = "Xcode 3.2";
			developmentRegion = English;
			hasScannedForEncodings = 0;
			knownRegions = (
				en,
				Base,
			);
			mainGroup = D4F36E671BC66F29006DCF94;
			productRefGroup = D4F36E711BC66F29006DCF94 /* Products */;
			projectDirPath = "";
			projectRoot = "";
			targets = (
				D4F36E6F1BC66F29006DCF94 /* MQPictureBrowserDemo */,
			);
		};
/* End PBXProject section */

/* Begin PBXResourcesBuildPhase section */
		D4F36E6E1BC66F29006DCF94 /* Resources */ = {
			isa = PBXResourcesBuildPhase;
			buildActionMask = 2147483647;
			files = (
				D4F36E7E1BC66F29006DCF94 /* LaunchScreen.storyboard in Resources */,
				D4F36E941BC6703C006DCF94 /* Main.storyboard in Resources */,
				D4F36E7B1BC66F29006DCF94 /* Assets.xcassets in Resources */,
				D4F36E8D1BC66F8D006DCF94 /* 4.png in Resources */,
				D4F36E8C1BC66F8D006DCF94 /* 3.png in Resources */,
			);
			runOnlyForDeploymentPostprocessing = 0;
		};
/* End PBXResourcesBuildPhase section */

/* Begin PBXSourcesBuildPhase section */
		D4F36E6C1BC66F29006DCF94 /* Sources */ = {
			isa = PBXSourcesBuildPhase;
			buildActionMask = 2147483647;
			files = (
				D4F36E761BC66F29006DCF94 /* ViewController.swift in Sources */,
				D4F36E741BC66F29006DCF94 /* AppDelegate.swift in Sources */,
				D4F36E8F1BC66F8D006DCF94 /* MQPictureBrowserCell.swift in Sources */,
				D4F36E901BC66F8D006DCF94 /* MQPictureBrowserController.swift in Sources */,
			);
			runOnlyForDeploymentPostprocessing = 0;
		};
/* End PBXSourcesBuildPhase section */

/* Begin PBXVariantGroup section */
		D4F36E7C1BC66F29006DCF94 /* LaunchScreen.storyboard */ = {
			isa = PBXVariantGroup;
			children = (
				D4F36E7D1BC66F29006DCF94 /* Base */,
			);
			name = LaunchScreen.storyboard;
			sourceTree = "<group>";
		};
		D4F36E921BC6703C006DCF94 /* Main.storyboard */ = {
			isa = PBXVariantGroup;
			children = (
				D4F36E931BC6703C006DCF94 /* Base */,
			);
			name = Main.storyboard;
			sourceTree = "<group>";
		};
/* End PBXVariantGroup section */

/* Begin XCBuildConfiguration section */
		D4F36E801BC66F29006DCF94 /* Debug */ = {
			isa = XCBuildConfiguration;
			buildSettings = {
				ALWAYS_SEARCH_USER_PATHS = NO;
				CLANG_CXX_LANGUAGE_STANDARD = "gnu++0x";
				CLANG_CXX_LIBRARY = "libc++";
				CLANG_ENABLE_MODULES = YES;
				CLANG_ENABLE_OBJC_ARC = YES;
				CLANG_WARN_BOOL_CONVERSION = YES;
				CLANG_WARN_CONSTANT_CONVERSION = YES;
				CLANG_WARN_DIRECT_OBJC_ISA_USAGE = YES_ERROR;
				CLANG_WARN_EMPTY_BODY = YES;
				CLANG_WARN_ENUM_CONVERSION = YES;
				CLANG_WARN_INT_CONVERSION = YES;
				CLANG_WARN_OBJC_ROOT_CLASS = YES_ERROR;
				CLANG_WARN_UNREACHABLE_CODE = YES;
				CLANG_WARN__DUPLICATE_METHOD_MATCH = YES;
				"CODE_SIGN_IDENTITY[sdk=iphoneos*]" = "iPhone Developer";
				COPY_PHASE_STRIP = NO;
				DEBUG_INFORMATION_FORMAT = dwarf;
				ENABLE_STRICT_OBJC_MSGSEND = YES;
				ENABLE_TESTABILITY = YES;
				GCC_C_LANGUAGE_STANDARD = gnu99;
				GCC_DYNAMIC_NO_PIC = NO;
				GCC_NO_COMMON_BLOCKS = YES;
				GCC_OPTIMIZATION_LEVEL = 0;
				GCC_PREPROCESSOR_DEFINITIONS = (
					"DEBUG=1",
					"$(inherited)",
				);
				GCC_WARN_64_TO_32_BIT_CONVERSION = YES;
				GCC_WARN_ABOUT_RETURN_TYPE = YES_ERROR;
				GCC_WARN_UNDECLARED_SELECTOR = YES;
				GCC_WARN_UNINITIALIZED_AUTOS = YES_AGGRESSIVE;
				GCC_WARN_UNUSED_FUNCTION = YES;
				GCC_WARN_UNUSED_VARIABLE = YES;
				IPHONEOS_DEPLOYMENT_TARGET = 9.0;
				MTL_ENABLE_DEBUG_INFO = YES;
				ONLY_ACTIVE_ARCH = YES;
				SDKROOT = iphoneos;
				SWIFT_OPTIMIZATION_LEVEL = "-Onone";
			};
			name = Debug;
		};
		D4F36E811BC66F29006DCF94 /* Release */ = {
			isa = XCBuildConfiguration;
			buildSettings = {
				ALWAYS_SEARCH_USER_PATHS = NO;
				CLANG_CXX_LANGUAGE_STANDARD = "gnu++0x";
				CLANG_CXX_LIBRARY = "libc++";
				CLANG_ENABLE_MODULES = YES;
				CLANG_ENABLE_OBJC_ARC = YES;
				CLANG_WARN_BOOL_CONVERSION = YES;
				CLANG_WARN_CONSTANT_CONVERSION = YES;
				CLANG_WARN_DIRECT_OBJC_ISA_USAGE = YES_ERROR;
				CLANG_WARN_EMPTY_BODY = YES;
				CLANG_WARN_ENUM_CONVERSION = YES;
				CLANG_WARN_INT_CONVERSION = YES;
				CLANG_WARN_OBJC_ROOT_CLASS = YES_ERROR;
				CLANG_WARN_UNREACHABLE_CODE = YES;
				CLANG_WARN__DUPLICATE_METHOD_MATCH = YES;
				"CODE_SIGN_IDENTITY[sdk=iphoneos*]" = "iPhone Developer";
				COPY_PHASE_STRIP = NO;
				DEBUG_INFORMATION_FORMAT = "dwarf-with-dsym";
				ENABLE_NS_ASSERTIONS = NO;
				ENABLE_STRICT_OBJC_MSGSEND = YES;
				GCC_C_LANGUAGE_STANDARD = gnu99;
				GCC_NO_COMMON_BLOCKS = YES;
				GCC_WARN_64_TO_32_BIT_CONVERSION = YES;
				GCC_WARN_ABOUT_RETURN_TYPE = YES_ERROR;
				GCC_WARN_UNDECLARED_SELECTOR = YES;
				GCC_WARN_UNINITIALIZED_AUTOS = YES_AGGRESSIVE;
				GCC_WARN_UNUSED_FUNCTION = YES;
				GCC_WARN_UNUSED_VARIABLE = YES;
				IPHONEOS_DEPLOYMENT_TARGET = 9.0;
				MTL_ENABLE_DEBUG_INFO = NO;
				SDKROOT = iphoneos;
				VALIDATE_PRODUCT = YES;
			};
			name = Release;
		};
		D4F36E831BC66F29006DCF94 /* Debug */ = {
			isa = XCBuildConfiguration;
			buildSettings = {
				ASSETCATALOG_COMPILER_APPICON_NAME = AppIcon;
				CODE_SIGN_IDENTITY = "iPhone Developer";
				INFOPLIST_FILE = MQPictureBrowserDemo/Info.plist;
				LD_RUNPATH_SEARCH_PATHS = "$(inherited) @executable_path/Frameworks";
				PRODUCT_BUNDLE_IDENTIFIER = maquan.MQPictureBrowserDemo;
				PRODUCT_NAME = "$(TARGET_NAME)";
			};
			name = Debug;
		};
		D4F36E841BC66F29006DCF94 /* Release */ = {
			isa = XCBuildConfiguration;
			buildSettings = {
				ASSETCATALOG_COMPILER_APPICON_NAME = AppIcon;
				CODE_SIGN_IDENTITY = "iPhone Developer";
				INFOPLIST_FILE = MQPictureBrowserDemo/Info.plist;
				LD_RUNPATH_SEARCH_PATHS = "$(inherited) @executable_path/Frameworks";
				PRODUCT_BUNDLE_IDENTIFIER = maquan.MQPictureBrowserDemo;
				PRODUCT_NAME = "$(TARGET_NAME)";
			};
			name = Release;
		};
/* End XCBuildConfiguration section */

/* Begin XCConfigurationList section */
		D4F36E6B1BC66F29006DCF94 /* Build configuration list for PBXProject "MQPictureBrowserDemo" */ = {
			isa = XCConfigurationList;
			buildConfigurations = (
				D4F36E801BC66F29006DCF94 /* Debug */,
				D4F36E811BC66F29006DCF94 /* Release */,
			);
			defaultConfigurationIsVisible = 0;
			defaultConfigurationName = Release;
		};
		D4F36E821BC66F29006DCF94 /* Build configuration list for PBXNativeTarget "MQPictureBrowserDemo" */ = {
			isa = XCConfigurationList;
			buildConfigurations = (
				D4F36E831BC66F29006DCF94 /* Debug */,
				D4F36E841BC66F29006DCF94 /* Release */,
			);
			defaultConfigurationIsVisible = 0;
			defaultConfigurationName = Release;
		};
/* End XCConfigurationList section */
	};
	rootObject = D4F36E681BC66F29006DCF94 /* Project object */;
}
